
Microsoft Visual Studio Solution File, Format Version 12.00
# Visual Studio Version 17
VisualStudioVersion = 17.0.31903.59
MinimumVisualStudioVersion = 10.0.40219.1
Project("{2150E333-8FDC-42A3-9474-1A3956D46DE8}") = "WpfPluginApp", "WpfPluginApp", "{584C6C04-5665-44E0-98FC-BF81DA51E0F3}"
EndProject
Project("{9A19103F-16F7-4668-BE54-9A1E7A4F7556}") = "WpfPluginApp", "Examples\WpfPluginApp\WpfPluginApp\WpfPluginApp.csproj", "{6EF1A211-5CCA-4A71-A6F7-7EC5A1649BC5}"
EndProject
Global
	GlobalSection(SolutionConfigurationPlatforms) = preSolution
		Debug|Any CPU = Debug|Any CPU
		Release|Any CPU = Release|Any CPU
	EndGlobalSection
	GlobalSection(ProjectConfigurationPlatforms) = postSolution
		{6EF1A211-5CCA-4A71-A6F7-7EC5A1649BC5}.Debug|Any CPU.ActiveCfg = Debug|Any CPU
		{6EF1A211-5CCA-4A71-A6F7-7EC5A1649BC5}.Debug|Any CPU.Build.0 = Debug|Any CPU
		{6EF1A211-5CCA-4A71-A6F7-7EC5A1649BC5}.Release|Any CPU.ActiveCfg = Release|Any CPU
		{6EF1A211-5CCA-4A71-A6F7-7EC5A1649BC5}.Release|Any CPU.Build.0 = Release|Any CPU
	EndGlobalSection
	GlobalSection(SolutionProperties) = preSolution
		HideSolutionNode = FALSE
	EndGlobalSection
	GlobalSection(NestedProjects) = preSolution
		{6EF1A211-5CCA-4A71-A6F7-7EC5A1649BC5} = {584C6C04-5665-44E0-98FC-BF81DA51E0F3}
	EndGlobalSection
EndGlobal
