
Microsoft Visual Studio Solution File, Format Version 12.00
# Visual Studio Version 17
VisualStudioVersion = 17.3.32728.150
MinimumVisualStudioVersion = 10.0.40219.1
Project("{2150E333-8FDC-42A3-9474-1A3956D46DE8}") = "src", "src", "{D3353046-1E8A-4B73-A32E-603250333B95}"
EndProject
Project("{2150E333-8FDC-42A3-9474-1A3956D46DE8}") = "solution items", "solution items", "{A261A6F8-1378-4269-BC38-4B8346948D3D}"
	ProjectSection(SolutionItems) = preProject
		.editorconfig = .editorconfig
		.gitignore = .gitignore
		LICENSE = LICENSE
		README.md = README.md
	EndProjectSection
EndProject
Project("{9A19103F-16F7-4668-BE54-9A1E7A4F7556}") = "ReactiveFramework", "src\ReactiveFramework\ReactiveFramework.csproj", "{D5CF2C21-043F-4488-9EEE-07AC9EC16DDA}"
EndProject
Project("{9A19103F-16F7-4668-BE54-9A1E7A4F7556}") = "ReactiveFramework.WPF", "src\ReactiveFramework.WPF\ReactiveFramework.WPF.csproj", "{7CFDF549-AD72-4DD8-A800-48DA27E25E9F}"
EndProject
Global
	GlobalSection(SolutionConfigurationPlatforms) = preSolution
		Debug|Any CPU = Debug|Any CPU
		Release|Any CPU = Release|Any CPU
	EndGlobalSection
	GlobalSection(ProjectConfigurationPlatforms) = postSolution
		{D5CF2C21-043F-4488-9EEE-07AC9EC16DDA}.Debug|Any CPU.ActiveCfg = Debug|Any CPU
		{D5CF2C21-043F-4488-9EEE-07AC9EC16DDA}.Debug|Any CPU.Build.0 = Debug|Any CPU
		{D5CF2C21-043F-4488-9EEE-07AC9EC16DDA}.Release|Any CPU.ActiveCfg = Release|Any CPU
		{D5CF2C21-043F-4488-9EEE-07AC9EC16DDA}.Release|Any CPU.Build.0 = Release|Any CPU
		{7CFDF549-AD72-4DD8-A800-48DA27E25E9F}.Debug|Any CPU.ActiveCfg = Debug|Any CPU
		{7CFDF549-AD72-4DD8-A800-48DA27E25E9F}.Debug|Any CPU.Build.0 = Debug|Any CPU
		{7CFDF549-AD72-4DD8-A800-48DA27E25E9F}.Release|Any CPU.ActiveCfg = Release|Any CPU
		{7CFDF549-AD72-4DD8-A800-48DA27E25E9F}.Release|Any CPU.Build.0 = Release|Any CPU
	EndGlobalSection
	GlobalSection(SolutionProperties) = preSolution
		HideSolutionNode = FALSE
	EndGlobalSection
	GlobalSection(NestedProjects) = preSolution
		{D5CF2C21-043F-4488-9EEE-07AC9EC16DDA} = {D3353046-1E8A-4B73-A32E-603250333B95}
		{7CFDF549-AD72-4DD8-A800-48DA27E25E9F} = {D3353046-1E8A-4B73-A32E-603250333B95}
	EndGlobalSection
	GlobalSection(ExtensibilityGlobals) = postSolution
		SolutionGuid = {51C1A1B1-E22A-455B-9A25-AF50DCBD7CF6}
	EndGlobalSection
EndGlobal
