
Microsoft Visual Studio Solution File, Format Version 12.00
# Visual Studio Version 17
VisualStudioVersion = 17.3.32728.150
MinimumVisualStudioVersion = 10.0.40219.1
Project("{2150E333-8FDC-42A3-9474-1A3956D46DE8}") = "src", "src", "{D3353046-1E8A-4B73-A32E-603250333B95}"
EndProject
Project("{2150E333-8FDC-42A3-9474-1A3956D46DE8}") = "solution items", "solution items", "{A261A6F8-1378-4269-BC38-4B8346948D3D}"
	ProjectSection(SolutionItems) = preProject
		.editorconfig = .editorconfig
		.gitignore = .gitignore
		LICENSE = LICENSE
		README.md = README.md
	EndProjectSection
EndProject
Project("{9A19103F-16F7-4668-BE54-9A1E7A4F7556}") = "ReactiveFramework", "src\ReactiveFramework\ReactiveFramework.csproj", "{D5CF2C21-043F-4488-9EEE-07AC9EC16DDA}"
EndProject
Project("{9A19103F-16F7-4668-BE54-9A1E7A4F7556}") = "ReactiveFramework.WPF", "src\ReactiveFramework.WPF\ReactiveFramework.WPF.csproj", "{7CFDF549-AD72-4DD8-A800-48DA27E25E9F}"
EndProject
Project("{2150E333-8FDC-42A3-9474-1A3956D46DE8}") = "examples", "examples", "{8C83447D-46C2-4510-BDC0-C57D60E72D8C}"
EndProject
Project("{2150E333-8FDC-42A3-9474-1A3956D46DE8}") = "WpfPluginApp", "WpfPluginApp", "{B4B0A4E7-3CB9-4A48-9F12-36D0149365D8}"
EndProject
Project("{9A19103F-16F7-4668-BE54-9A1E7A4F7556}") = "WpfPluginApp", "Examples\WpfPluginApp\WpfPluginApp\WpfPluginApp.csproj", "{8DCE11B3-6104-40A9-85AF-73A2C4D214E4}"
EndProject
Project("{9A19103F-16F7-4668-BE54-9A1E7A4F7556}") = "WpfPlugin", "Examples\WpfPluginApp\WpfPlugin\WpfPlugin.csproj", "{66E98156-4FD1-4B73-BD10-A8CF3647D24A}"
EndProject
Project("{2150E333-8FDC-42A3-9474-1A3956D46DE8}") = "Hosting", "Hosting", "{AD5D104E-0546-4B10-98E7-CC6F5AC644D9}"
EndProject
Project("{FAE04EC0-301F-11D3-BF4B-00C04F79EFBC}") = "ReactiveFramework.Hosting.Abstraction", "src\Hosting\ReactiveFramework.Hosting.Abstraction\ReactiveFramework.Hosting.Abstraction.csproj", "{E9D1C96D-2180-4DDF-A3F6-37C6675D068F}"
EndProject
Project("{FAE04EC0-301F-11D3-BF4B-00C04F79EFBC}") = "ReactiveFramework.Hosting", "src\Hosting\ReactiveFramework.Hosting\ReactiveFramework.Hosting.csproj", "{B8C3ACD4-C6F6-4DC9-BD71-3B0639D95665}"
EndProject
Global
	GlobalSection(SolutionConfigurationPlatforms) = preSolution
		Debug|Any CPU = Debug|Any CPU
		Release|Any CPU = Release|Any CPU
	EndGlobalSection
	GlobalSection(ProjectConfigurationPlatforms) = postSolution
		{D5CF2C21-043F-4488-9EEE-07AC9EC16DDA}.Debug|Any CPU.ActiveCfg = Debug|Any CPU
		{D5CF2C21-043F-4488-9EEE-07AC9EC16DDA}.Debug|Any CPU.Build.0 = Debug|Any CPU
		{D5CF2C21-043F-4488-9EEE-07AC9EC16DDA}.Release|Any CPU.ActiveCfg = Release|Any CPU
		{D5CF2C21-043F-4488-9EEE-07AC9EC16DDA}.Release|Any CPU.Build.0 = Release|Any CPU
		{7CFDF549-AD72-4DD8-A800-48DA27E25E9F}.Debug|Any CPU.ActiveCfg = Debug|Any CPU
		{7CFDF549-AD72-4DD8-A800-48DA27E25E9F}.Debug|Any CPU.Build.0 = Debug|Any CPU
		{7CFDF549-AD72-4DD8-A800-48DA27E25E9F}.Release|Any CPU.ActiveCfg = Release|Any CPU
		{7CFDF549-AD72-4DD8-A800-48DA27E25E9F}.Release|Any CPU.Build.0 = Release|Any CPU
		{8DCE11B3-6104-40A9-85AF-73A2C4D214E4}.Debug|Any CPU.ActiveCfg = Debug|Any CPU
		{8DCE11B3-6104-40A9-85AF-73A2C4D214E4}.Debug|Any CPU.Build.0 = Debug|Any CPU
		{8DCE11B3-6104-40A9-85AF-73A2C4D214E4}.Release|Any CPU.ActiveCfg = Release|Any CPU
		{8DCE11B3-6104-40A9-85AF-73A2C4D214E4}.Release|Any CPU.Build.0 = Release|Any CPU
		{66E98156-4FD1-4B73-BD10-A8CF3647D24A}.Debug|Any CPU.ActiveCfg = Debug|Any CPU
		{66E98156-4FD1-4B73-BD10-A8CF3647D24A}.Debug|Any CPU.Build.0 = Debug|Any CPU
		{66E98156-4FD1-4B73-BD10-A8CF3647D24A}.Release|Any CPU.ActiveCfg = Release|Any CPU
		{66E98156-4FD1-4B73-BD10-A8CF3647D24A}.Release|Any CPU.Build.0 = Release|Any CPU
		{E9D1C96D-2180-4DDF-A3F6-37C6675D068F}.Debug|Any CPU.ActiveCfg = Debug|Any CPU
		{E9D1C96D-2180-4DDF-A3F6-37C6675D068F}.Debug|Any CPU.Build.0 = Debug|Any CPU
		{E9D1C96D-2180-4DDF-A3F6-37C6675D068F}.Release|Any CPU.ActiveCfg = Release|Any CPU
		{E9D1C96D-2180-4DDF-A3F6-37C6675D068F}.Release|Any CPU.Build.0 = Release|Any CPU
		{B8C3ACD4-C6F6-4DC9-BD71-3B0639D95665}.Debug|Any CPU.ActiveCfg = Debug|Any CPU
		{B8C3ACD4-C6F6-4DC9-BD71-3B0639D95665}.Debug|Any CPU.Build.0 = Debug|Any CPU
		{B8C3ACD4-C6F6-4DC9-BD71-3B0639D95665}.Release|Any CPU.ActiveCfg = Release|Any CPU
		{B8C3ACD4-C6F6-4DC9-BD71-3B0639D95665}.Release|Any CPU.Build.0 = Release|Any CPU
	EndGlobalSection
	GlobalSection(SolutionProperties) = preSolution
		HideSolutionNode = FALSE
	EndGlobalSection
	GlobalSection(NestedProjects) = preSolution
		{D5CF2C21-043F-4488-9EEE-07AC9EC16DDA} = {D3353046-1E8A-4B73-A32E-603250333B95}
		{7CFDF549-AD72-4DD8-A800-48DA27E25E9F} = {D3353046-1E8A-4B73-A32E-603250333B95}
		{B4B0A4E7-3CB9-4A48-9F12-36D0149365D8} = {8C83447D-46C2-4510-BDC0-C57D60E72D8C}
		{8DCE11B3-6104-40A9-85AF-73A2C4D214E4} = {B4B0A4E7-3CB9-4A48-9F12-36D0149365D8}
		{66E98156-4FD1-4B73-BD10-A8CF3647D24A} = {B4B0A4E7-3CB9-4A48-9F12-36D0149365D8}
		{AD5D104E-0546-4B10-98E7-CC6F5AC644D9} = {D3353046-1E8A-4B73-A32E-603250333B95}
		{E9D1C96D-2180-4DDF-A3F6-37C6675D068F} = {AD5D104E-0546-4B10-98E7-CC6F5AC644D9}
		{B8C3ACD4-C6F6-4DC9-BD71-3B0639D95665} = {AD5D104E-0546-4B10-98E7-CC6F5AC644D9}
	EndGlobalSection
	GlobalSection(ExtensibilityGlobals) = postSolution
		SolutionGuid = {51C1A1B1-E22A-455B-9A25-AF50DCBD7CF6}
	EndGlobalSection
EndGlobal
